
Microsoft Visual Studio Solution File, Format Version 12.00
# Visual Studio Version 16
VisualStudioVersion = 16.0.31205.134
MinimumVisualStudioVersion = 10.0.40219.1
Project("{9A19103F-16F7-4668-BE54-9A1E7A4F7556}") = "DevFreela.API", "DevFreela.API\DevFreela.API.csproj", "{202D914B-B441-497C-9DA3-B4F78FD57B4D}"
EndProject
Project("{9A19103F-16F7-4668-BE54-9A1E7A4F7556}") = "DevFreela.Core", "DevFreela.Core\DevFreela.Core.csproj", "{5A9A7FAD-FF82-4624-8E1B-7B9814A69DC2}"
EndProject
Project("{9A19103F-16F7-4668-BE54-9A1E7A4F7556}") = "DevFreela.Infrastructure", "DevFreela.Infrastructure\DevFreela.Infrastructure.csproj", "{F9296ABE-D494-4321-AAD2-696548163300}"
EndProject
Project("{FAE04EC0-301F-11D3-BF4B-00C04F79EFBC}") = "DevFreela.Application", "DevFreela.Application\DevFreela.Application.csproj", "{B9DF9BF3-7B8E-42BF-A7E1-7CB90776BE64}"
EndProject
Global
	GlobalSection(SolutionConfigurationPlatforms) = preSolution
		Debug|Any CPU = Debug|Any CPU
		Release|Any CPU = Release|Any CPU
	EndGlobalSection
	GlobalSection(ProjectConfigurationPlatforms) = postSolution
		{202D914B-B441-497C-9DA3-B4F78FD57B4D}.Debug|Any CPU.ActiveCfg = Debug|Any CPU
		{202D914B-B441-497C-9DA3-B4F78FD57B4D}.Debug|Any CPU.Build.0 = Debug|Any CPU
		{202D914B-B441-497C-9DA3-B4F78FD57B4D}.Release|Any CPU.ActiveCfg = Release|Any CPU
		{202D914B-B441-497C-9DA3-B4F78FD57B4D}.Release|Any CPU.Build.0 = Release|Any CPU
		{5A9A7FAD-FF82-4624-8E1B-7B9814A69DC2}.Debug|Any CPU.ActiveCfg = Debug|Any CPU
		{5A9A7FAD-FF82-4624-8E1B-7B9814A69DC2}.Debug|Any CPU.Build.0 = Debug|Any CPU
		{5A9A7FAD-FF82-4624-8E1B-7B9814A69DC2}.Release|Any CPU.ActiveCfg = Release|Any CPU
		{5A9A7FAD-FF82-4624-8E1B-7B9814A69DC2}.Release|Any CPU.Build.0 = Release|Any CPU
		{F9296ABE-D494-4321-AAD2-696548163300}.Debug|Any CPU.ActiveCfg = Debug|Any CPU
		{F9296ABE-D494-4321-AAD2-696548163300}.Debug|Any CPU.Build.0 = Debug|Any CPU
		{F9296ABE-D494-4321-AAD2-696548163300}.Release|Any CPU.ActiveCfg = Release|Any CPU
		{F9296ABE-D494-4321-AAD2-696548163300}.Release|Any CPU.Build.0 = Release|Any CPU
		{B9DF9BF3-7B8E-42BF-A7E1-7CB90776BE64}.Debug|Any CPU.ActiveCfg = Debug|Any CPU
		{B9DF9BF3-7B8E-42BF-A7E1-7CB90776BE64}.Debug|Any CPU.Build.0 = Debug|Any CPU
		{B9DF9BF3-7B8E-42BF-A7E1-7CB90776BE64}.Release|Any CPU.ActiveCfg = Release|Any CPU
		{B9DF9BF3-7B8E-42BF-A7E1-7CB90776BE64}.Release|Any CPU.Build.0 = Release|Any CPU
	EndGlobalSection
	GlobalSection(SolutionProperties) = preSolution
		HideSolutionNode = FALSE
	EndGlobalSection
	GlobalSection(ExtensibilityGlobals) = postSolution
		SolutionGuid = {0E589E42-C1F5-4841-A061-86B214699D88}
	EndGlobalSection
EndGlobal
